
Microsoft Visual Studio Solution File, Format Version 12.00
# Visual Studio Version 16
VisualStudioVersion = 16.0.31424.327
MinimumVisualStudioVersion = 10.0.40219.1
Project("{FAE04EC0-301F-11D3-BF4B-00C04F79EFBC}") = "WebApplication1", "WebApplication1\WebApplication1.csproj", "{C6B54E3D-C03B-4B30-8F4A-FFB5BAD864B5}"
EndProject
Project("{FAE04EC0-301F-11D3-BF4B-00C04F79EFBC}") = "OLCS", "OLCS\OLCS.csproj", "{5FAEF30C-98CB-4C44-8036-072C56FECA2B}"
EndProject
Project("{FAE04EC0-301F-11D3-BF4B-00C04F79EFBC}") = "OLPU", "OLPU\OLPU.csproj", "{F71CC05E-1674-4850-9024-B64E865CE388}"
EndProject
Global
	GlobalSection(SolutionConfigurationPlatforms) = preSolution
		Debug|Any CPU = Debug|Any CPU
		Release|Any CPU = Release|Any CPU
	EndGlobalSection
	GlobalSection(ProjectConfigurationPlatforms) = postSolution
		{C6B54E3D-C03B-4B30-8F4A-FFB5BAD864B5}.Debug|Any CPU.ActiveCfg = Debug|Any CPU
		{C6B54E3D-C03B-4B30-8F4A-FFB5BAD864B5}.Debug|Any CPU.Build.0 = Debug|Any CPU
		{C6B54E3D-C03B-4B30-8F4A-FFB5BAD864B5}.Release|Any CPU.ActiveCfg = Release|Any CPU
		{C6B54E3D-C03B-4B30-8F4A-FFB5BAD864B5}.Release|Any CPU.Build.0 = Release|Any CPU
		{5FAEF30C-98CB-4C44-8036-072C56FECA2B}.Debug|Any CPU.ActiveCfg = Debug|Any CPU
		{5FAEF30C-98CB-4C44-8036-072C56FECA2B}.Debug|Any CPU.Build.0 = Debug|Any CPU
		{5FAEF30C-98CB-4C44-8036-072C56FECA2B}.Release|Any CPU.ActiveCfg = Release|Any CPU
		{5FAEF30C-98CB-4C44-8036-072C56FECA2B}.Release|Any CPU.Build.0 = Release|Any CPU
		{F71CC05E-1674-4850-9024-B64E865CE388}.Debug|Any CPU.ActiveCfg = Debug|Any CPU
		{F71CC05E-1674-4850-9024-B64E865CE388}.Debug|Any CPU.Build.0 = Debug|Any CPU
		{F71CC05E-1674-4850-9024-B64E865CE388}.Release|Any CPU.ActiveCfg = Release|Any CPU
		{F71CC05E-1674-4850-9024-B64E865CE388}.Release|Any CPU.Build.0 = Release|Any CPU
	EndGlobalSection
	GlobalSection(SolutionProperties) = preSolution
		HideSolutionNode = FALSE
	EndGlobalSection
	GlobalSection(ExtensibilityGlobals) = postSolution
		SolutionGuid = {BFB8B78D-F930-4267-9515-BDDD57A7CB7B}
	EndGlobalSection
EndGlobal
